// !$*UTF8*$!
{
	archiveVersion = 1;
	classes = {
	};
	objectVersion = 77;
	objects = {

/* Begin PBXBuildFile section */
		C80B0F4C2DD0991500B75867 /* FirebaseMessaging in Frameworks */ = {isa = PBXBuildFile; productRef = C80B0F4B2DD0991500B75867 /* FirebaseMessaging */; };
		C81655582DB03153009D5CD8 /* DeviceActivity.framework in Frameworks */ = {isa = PBXBuildFile; fileRef = C8A81ED22D9C2483005F6190 /* DeviceActivity.framework */; };
		C84C737E2DC72E12005368D9 /* FirebaseAnalytics in Frameworks */ = {isa = PBXBuildFile; productRef = C84C737D2DC72E12005368D9 /* FirebaseAnalytics */; };
		C84C73802DC72E69005368D9 /* FirebaseCore in Frameworks */ = {isa = PBXBuildFile; productRef = C84C737F2DC72E69005368D9 /* FirebaseCore */; };
		C84C73822DC72E83005368D9 /* FirebaseFirestore in Frameworks */ = {isa = PBXBuildFile; productRef = C84C73812DC72E83005368D9 /* FirebaseFirestore */; };
		C84C73842DC72E95005368D9 /* FirebaseAuth in Frameworks */ = {isa = PBXBuildFile; productRef = C84C73832DC72E95005368D9 /* FirebaseAuth */; };
		C89F4FBA2DB0AFE000656484 /* Lottie in Frameworks */ = {isa = PBXBuildFile; productRef = C89F4FB92DB0AFE000656484 /* Lottie */; };
		C8A0639E2DA77E5F00378836 /* AppActivityMonitor.appex in Embed Foundation Extensions */ = {isa = PBXBuildFile; fileRef = C8A063952DA77E5F00378836 /* AppActivityMonitor.appex */; settings = {ATTRIBUTES = (RemoveHeadersOnCopy, ); }; };
		C8E7D4B62DE853C200A2CC25 /* AmplitudeSwift in Frameworks */ = {isa = PBXBuildFile; productRef = C8E7D4B52DE853C200A2CC25 /* AmplitudeSwift */; };
/* End PBXBuildFile section */

/* Begin PBXContainerItemProxy section */
		C8A0639C2DA77E5F00378836 /* PBXContainerItemProxy */ = {
			isa = PBXContainerItemProxy;
			containerPortal = C8F873EA2D5CD94A00EC2145 /* Project object */;
			proxyType = 1;
			remoteGlobalIDString = C8A063942DA77E5F00378836;
			remoteInfo = AppActivityMonitor;
		};
/* End PBXContainerItemProxy section */

/* Begin PBXCopyFilesBuildPhase section */
		C8A81EE02D9C2483005F6190 /* Embed Foundation Extensions */ = {
			isa = PBXCopyFilesBuildPhase;
			buildActionMask = 2147483647;
			dstPath = "";
			dstSubfolderSpec = 13;
			files = (
				C8A0639E2DA77E5F00378836 /* AppActivityMonitor.appex in Embed Foundation Extensions */,
			);
			name = "Embed Foundation Extensions";
			runOnlyForDeploymentPostprocessing = 0;
		};
/* End PBXCopyFilesBuildPhase section */

/* Begin PBXFileReference section */
		4B6366DC7A4B45C044242CA4 /* Pods_early_bird.framework */ = {isa = PBXFileReference; explicitFileType = wrapper.framework; includeInIndex = 0; path = Pods_early_bird.framework; sourceTree = BUILT_PRODUCTS_DIR; };
		C8A063952DA77E5F00378836 /* AppActivityMonitor.appex */ = {isa = PBXFileReference; explicitFileType = "wrapper.app-extension"; includeInIndex = 0; path = AppActivityMonitor.appex; sourceTree = BUILT_PRODUCTS_DIR; };
		C8A81ED22D9C2483005F6190 /* DeviceActivity.framework */ = {isa = PBXFileReference; lastKnownFileType = wrapper.framework; name = DeviceActivity.framework; path = System/Library/Frameworks/DeviceActivity.framework; sourceTree = SDKROOT; };
		C8F873F22D5CD94A00EC2145 /* early-bird.app */ = {isa = PBXFileReference; explicitFileType = wrapper.application; includeInIndex = 0; path = "early-bird.app"; sourceTree = BUILT_PRODUCTS_DIR; };
		DC5BEF91270109D199E03A90 /* Pods_AppActivityMonitor.framework */ = {isa = PBXFileReference; explicitFileType = wrapper.framework; includeInIndex = 0; path = Pods_AppActivityMonitor.framework; sourceTree = BUILT_PRODUCTS_DIR; };
/* End PBXFileReference section */

/* Begin PBXFileSystemSynchronizedBuildFileExceptionSet section */
		C842E3512D803CE400414F23 /* Exceptions for "early-bird" folder in "early-bird" target */ = {
			isa = PBXFileSystemSynchronizedBuildFileExceptionSet;
			membershipExceptions = (
				Info.plist,
			);
			target = C8F873F12D5CD94A00EC2145 /* early-bird */;
		};
		C8A063A22DA77E5F00378836 /* Exceptions for "AppActivityMonitor" folder in "AppActivityMonitor" target */ = {
			isa = PBXFileSystemSynchronizedBuildFileExceptionSet;
			membershipExceptions = (
				Info.plist,
			);
			target = C8A063942DA77E5F00378836 /* AppActivityMonitor */;
		};
/* End PBXFileSystemSynchronizedBuildFileExceptionSet section */

/* Begin PBXFileSystemSynchronizedRootGroup section */
		C8A063972DA77E5F00378836 /* AppActivityMonitor */ = {
			isa = PBXFileSystemSynchronizedRootGroup;
			exceptions = (
				C8A063A22DA77E5F00378836 /* Exceptions for "AppActivityMonitor" folder in "AppActivityMonitor" target */,
			);
			path = AppActivityMonitor;
			sourceTree = "<group>";
		};
		C8F873F42D5CD94A00EC2145 /* early-bird */ = {
			isa = PBXFileSystemSynchronizedRootGroup;
			exceptions = (
				C842E3512D803CE400414F23 /* Exceptions for "early-bird" folder in "early-bird" target */,
			);
			path = "early-bird";
			sourceTree = "<group>";
		};
/* End PBXFileSystemSynchronizedRootGroup section */

/* Begin PBXFrameworksBuildPhase section */
		C8A063922DA77E5F00378836 /* Frameworks */ = {
			isa = PBXFrameworksBuildPhase;
			buildActionMask = 2147483647;
			files = (
				C81655582DB03153009D5CD8 /* DeviceActivity.framework in Frameworks */,
			);
			runOnlyForDeploymentPostprocessing = 0;
		};
		C8F873EF2D5CD94A00EC2145 /* Frameworks */ = {
			isa = PBXFrameworksBuildPhase;
			buildActionMask = 2147483647;
			files = (
				C80B0F4C2DD0991500B75867 /* FirebaseMessaging in Frameworks */,
				C84C737E2DC72E12005368D9 /* FirebaseAnalytics in Frameworks */,
				C84C73842DC72E95005368D9 /* FirebaseAuth in Frameworks */,
				C84C73822DC72E83005368D9 /* FirebaseFirestore in Frameworks */,
				C84C73802DC72E69005368D9 /* FirebaseCore in Frameworks */,
				C8E7D4B62DE853C200A2CC25 /* AmplitudeSwift in Frameworks */,
				C89F4FBA2DB0AFE000656484 /* Lottie in Frameworks */,
			);
			runOnlyForDeploymentPostprocessing = 0;
		};
/* End PBXFrameworksBuildPhase section */

/* Begin PBXGroup section */
		C8A81ED12D9C2483005F6190 /* Frameworks */ = {
			isa = PBXGroup;
			children = (
				C8A81ED22D9C2483005F6190 /* DeviceActivity.framework */,
				DC5BEF91270109D199E03A90 /* Pods_AppActivityMonitor.framework */,
				4B6366DC7A4B45C044242CA4 /* Pods_early_bird.framework */,
			);
			name = Frameworks;
			sourceTree = "<group>";
		};
		C8F873E92D5CD94A00EC2145 = {
			isa = PBXGroup;
			children = (
				C8F873F42D5CD94A00EC2145 /* early-bird */,
				C8A063972DA77E5F00378836 /* AppActivityMonitor */,
				C8A81ED12D9C2483005F6190 /* Frameworks */,
				C8F873F32D5CD94A00EC2145 /* Products */,
			);
			sourceTree = "<group>";
		};
		C8F873F32D5CD94A00EC2145 /* Products */ = {
			isa = PBXGroup;
			children = (
				C8F873F22D5CD94A00EC2145 /* early-bird.app */,
				C8A063952DA77E5F00378836 /* AppActivityMonitor.appex */,
			);
			name = Products;
			sourceTree = "<group>";
		};
/* End PBXGroup section */

/* Begin PBXNativeTarget section */
		C8A063942DA77E5F00378836 /* AppActivityMonitor */ = {
			isa = PBXNativeTarget;
			buildConfigurationList = C8A0639F2DA77E5F00378836 /* Build configuration list for PBXNativeTarget "AppActivityMonitor" */;
			buildPhases = (
				C8A063912DA77E5F00378836 /* Sources */,
				C8A063922DA77E5F00378836 /* Frameworks */,
				C8A063932DA77E5F00378836 /* Resources */,
			);
			buildRules = (
			);
			dependencies = (
			);
			fileSystemSynchronizedGroups = (
				C8A063972DA77E5F00378836 /* AppActivityMonitor */,
			);
			name = AppActivityMonitor;
			productName = AppActivityMonitor;
			productReference = C8A063952DA77E5F00378836 /* AppActivityMonitor.appex */;
			productType = "com.apple.product-type.app-extension";
		};
		C8F873F12D5CD94A00EC2145 /* early-bird */ = {
			isa = PBXNativeTarget;
			buildConfigurationList = C8F874002D5CD94C00EC2145 /* Build configuration list for PBXNativeTarget "early-bird" */;
			buildPhases = (
				C8F873EF2D5CD94A00EC2145 /* Frameworks */,
				C8F873F02D5CD94A00EC2145 /* Resources */,
				C8A81EE02D9C2483005F6190 /* Embed Foundation Extensions */,
				C82FEEE32DD9EB4200622092 /* Sources */,
			);
			buildRules = (
			);
			dependencies = (
				C8A0639D2DA77E5F00378836 /* PBXTargetDependency */,
			);
			fileSystemSynchronizedGroups = (
				C8F873F42D5CD94A00EC2145 /* early-bird */,
			);
			name = "early-bird";
			productName = "early-bird";
			productReference = C8F873F22D5CD94A00EC2145 /* early-bird.app */;
			productType = "com.apple.product-type.application";
		};
/* End PBXNativeTarget section */

/* Begin PBXProject section */
		C8F873EA2D5CD94A00EC2145 /* Project object */ = {
			isa = PBXProject;
			attributes = {
				BuildIndependentTargetsInParallel = 1;
				LastSwiftUpdateCheck = 1620;
				LastUpgradeCheck = 1620;
				TargetAttributes = {
					C8A063942DA77E5F00378836 = {
						CreatedOnToolsVersion = 16.2;
					};
					C8F873F12D5CD94A00EC2145 = {
						CreatedOnToolsVersion = 16.0;
					};
				};
			};
			buildConfigurationList = C8F873ED2D5CD94A00EC2145 /* Build configuration list for PBXProject "early-bird" */;
			developmentRegion = en;
			hasScannedForEncodings = 0;
			knownRegions = (
				Base,
				ko,
				en,
				"en-GB",
			);
			mainGroup = C8F873E92D5CD94A00EC2145;
			minimizedProjectReferenceProxies = 1;
			packageReferences = (
				C89F4FB82DB0AFE000656484 /* XCRemoteSwiftPackageReference "lottie-ios" */,
				C84C737C2DC72E12005368D9 /* XCRemoteSwiftPackageReference "firebase-ios-sdk" */,
				C8E7D4B42DE853C200A2CC25 /* XCRemoteSwiftPackageReference "Amplitude-Swift" */,
			);
			preferredProjectObjectVersion = 77;
			productRefGroup = C8F873F32D5CD94A00EC2145 /* Products */;
			projectDirPath = "";
			projectRoot = "";
			targets = (
				C8F873F12D5CD94A00EC2145 /* early-bird */,
				C8A063942DA77E5F00378836 /* AppActivityMonitor */,
			);
		};
/* End PBXProject section */

/* Begin PBXResourcesBuildPhase section */
		C8A063932DA77E5F00378836 /* Resources */ = {
			isa = PBXResourcesBuildPhase;
			buildActionMask = 2147483647;
			files = (
			);
			runOnlyForDeploymentPostprocessing = 0;
		};
		C8F873F02D5CD94A00EC2145 /* Resources */ = {
			isa = PBXResourcesBuildPhase;
			buildActionMask = 2147483647;
			files = (
			);
			runOnlyForDeploymentPostprocessing = 0;
		};
/* End PBXResourcesBuildPhase section */

/* Begin PBXSourcesBuildPhase section */
		C82FEEE32DD9EB4200622092 /* Sources */ = {
			isa = PBXSourcesBuildPhase;
			buildActionMask = 2147483647;
			files = (
			);
			runOnlyForDeploymentPostprocessing = 0;
		};
		C8A063912DA77E5F00378836 /* Sources */ = {
			isa = PBXSourcesBuildPhase;
			buildActionMask = 2147483647;
			files = (
			);
			runOnlyForDeploymentPostprocessing = 0;
		};
/* End PBXSourcesBuildPhase section */

/* Begin PBXTargetDependency section */
		C8A0639D2DA77E5F00378836 /* PBXTargetDependency */ = {
			isa = PBXTargetDependency;
			target = C8A063942DA77E5F00378836 /* AppActivityMonitor */;
			targetProxy = C8A0639C2DA77E5F00378836 /* PBXContainerItemProxy */;
		};
/* End PBXTargetDependency section */

/* Begin XCBuildConfiguration section */
		C8A063A02DA77E5F00378836 /* Debug */ = {
			isa = XCBuildConfiguration;
			buildSettings = {
				CODE_SIGN_ENTITLEMENTS = AppActivityMonitor/AppActivityMonitor.entitlements;
				CODE_SIGN_IDENTITY = "Apple Development";
				CODE_SIGN_STYLE = Automatic;
				CURRENT_PROJECT_VERSION = 1;
				DEVELOPMENT_TEAM = 8KH5U6PJ48;
				GENERATE_INFOPLIST_FILE = YES;
				INFOPLIST_FILE = AppActivityMonitor/Info.plist;
				INFOPLIST_KEY_CFBundleDisplayName = AppActivityMonitor;
				INFOPLIST_KEY_NSHumanReadableCopyright = "";
				IPHONEOS_DEPLOYMENT_TARGET = 18.2;
				LD_RUNPATH_SEARCH_PATHS = (
					"$(inherited)",
					"@executable_path/Frameworks",
					"@executable_path/../../Frameworks",
				);
				MARKETING_VERSION = 1.0;
				PRODUCT_BUNDLE_IDENTIFIER = "com.earlybirdteam2024.early-bird.AppActivityMonitor";
				PRODUCT_NAME = "$(TARGET_NAME)";
				SKIP_INSTALL = YES;
				SUPPORTED_PLATFORMS = "iphoneos iphonesimulator";
				SUPPORTS_MACCATALYST = NO;
				SUPPORTS_MAC_DESIGNED_FOR_IPHONE_IPAD = NO;
				SUPPORTS_XR_DESIGNED_FOR_IPHONE_IPAD = NO;
				SWIFT_EMIT_LOC_STRINGS = YES;
				SWIFT_VERSION = 5.0;
				TARGETED_DEVICE_FAMILY = "1,2";
			};
			name = Debug;
		};
		C8A063A12DA77E5F00378836 /* Release */ = {
			isa = XCBuildConfiguration;
			buildSettings = {
				CODE_SIGN_ENTITLEMENTS = AppActivityMonitor/AppActivityMonitorRelease.entitlements;
				CODE_SIGN_IDENTITY = "Apple Development";
				CODE_SIGN_STYLE = Automatic;
				CURRENT_PROJECT_VERSION = 1;
				DEVELOPMENT_TEAM = 8KH5U6PJ48;
				GENERATE_INFOPLIST_FILE = YES;
				INFOPLIST_FILE = AppActivityMonitor/Info.plist;
				INFOPLIST_KEY_CFBundleDisplayName = AppActivityMonitor;
				INFOPLIST_KEY_NSHumanReadableCopyright = "";
				IPHONEOS_DEPLOYMENT_TARGET = 18.2;
				LD_RUNPATH_SEARCH_PATHS = (
					"$(inherited)",
					"@executable_path/Frameworks",
					"@executable_path/../../Frameworks",
				);
				MARKETING_VERSION = 1.0;
				PRODUCT_BUNDLE_IDENTIFIER = "com.earlybirdteam2024.early-bird.AppActivityMonitor";
				PRODUCT_NAME = "$(TARGET_NAME)";
				SKIP_INSTALL = YES;
				SUPPORTED_PLATFORMS = "iphoneos iphonesimulator";
				SUPPORTS_MACCATALYST = NO;
				SUPPORTS_MAC_DESIGNED_FOR_IPHONE_IPAD = NO;
				SUPPORTS_XR_DESIGNED_FOR_IPHONE_IPAD = NO;
				SWIFT_EMIT_LOC_STRINGS = YES;
				SWIFT_VERSION = 5.0;
				TARGETED_DEVICE_FAMILY = "1,2";
			};
			name = Release;
		};
		C8F873FE2D5CD94C00EC2145 /* Debug */ = {
			isa = XCBuildConfiguration;
			buildSettings = {
				ALWAYS_SEARCH_USER_PATHS = NO;
				ASSETCATALOG_COMPILER_GENERATE_SWIFT_ASSET_SYMBOL_EXTENSIONS = YES;
				CLANG_ANALYZER_LOCALIZABILITY_NONLOCALIZED = YES;
				CLANG_ANALYZER_NONNULL = YES;
				CLANG_ANALYZER_NUMBER_OBJECT_CONVERSION = YES_AGGRESSIVE;
				CLANG_CXX_LANGUAGE_STANDARD = "gnu++20";
				CLANG_ENABLE_MODULES = YES;
				CLANG_ENABLE_OBJC_ARC = YES;
				CLANG_ENABLE_OBJC_WEAK = YES;
				CLANG_WARN_BLOCK_CAPTURE_AUTORELEASING = YES;
				CLANG_WARN_BOOL_CONVERSION = YES;
				CLANG_WARN_COMMA = YES;
				CLANG_WARN_CONSTANT_CONVERSION = YES;
				CLANG_WARN_DEPRECATED_OBJC_IMPLEMENTATIONS = YES;
				CLANG_WARN_DIRECT_OBJC_ISA_USAGE = YES_ERROR;
				CLANG_WARN_DOCUMENTATION_COMMENTS = YES;
				CLANG_WARN_EMPTY_BODY = YES;
				CLANG_WARN_ENUM_CONVERSION = YES;
				CLANG_WARN_INFINITE_RECURSION = YES;
				CLANG_WARN_INT_CONVERSION = YES;
				CLANG_WARN_NON_LITERAL_NULL_CONVERSION = YES;
				CLANG_WARN_OBJC_IMPLICIT_RETAIN_SELF = YES;
				CLANG_WARN_OBJC_LITERAL_CONVERSION = YES;
				CLANG_WARN_OBJC_ROOT_CLASS = YES_ERROR;
				CLANG_WARN_QUOTED_INCLUDE_IN_FRAMEWORK_HEADER = YES;
				CLANG_WARN_RANGE_LOOP_ANALYSIS = YES;
				CLANG_WARN_STRICT_PROTOTYPES = YES;
				CLANG_WARN_SUSPICIOUS_MOVE = YES;
				CLANG_WARN_UNGUARDED_AVAILABILITY = YES_AGGRESSIVE;
				CLANG_WARN_UNREACHABLE_CODE = YES;
				CLANG_WARN__DUPLICATE_METHOD_MATCH = YES;
				COPY_PHASE_STRIP = NO;
				DEBUG_INFORMATION_FORMAT = dwarf;
				ENABLE_STRICT_OBJC_MSGSEND = YES;
				ENABLE_TESTABILITY = YES;
				ENABLE_USER_SCRIPT_SANDBOXING = YES;
				GCC_C_LANGUAGE_STANDARD = gnu17;
				GCC_DYNAMIC_NO_PIC = NO;
				GCC_NO_COMMON_BLOCKS = YES;
				GCC_OPTIMIZATION_LEVEL = 0;
				GCC_PREPROCESSOR_DEFINITIONS = (
					"DEBUG=1",
					"$(inherited)",
				);
				GCC_WARN_64_TO_32_BIT_CONVERSION = YES;
				GCC_WARN_ABOUT_RETURN_TYPE = YES_ERROR;
				GCC_WARN_UNDECLARED_SELECTOR = YES;
				GCC_WARN_UNINITIALIZED_AUTOS = YES_AGGRESSIVE;
				GCC_WARN_UNUSED_FUNCTION = YES;
				GCC_WARN_UNUSED_VARIABLE = YES;
				IPHONEOS_DEPLOYMENT_TARGET = 16.6;
				LOCALIZATION_PREFERS_STRING_CATALOGS = YES;
				MTL_ENABLE_DEBUG_INFO = INCLUDE_SOURCE;
				MTL_FAST_MATH = YES;
				ONLY_ACTIVE_ARCH = YES;
				SDKROOT = iphoneos;
				SWIFT_ACTIVE_COMPILATION_CONDITIONS = "DEBUG $(inherited)";
				SWIFT_EMIT_LOC_STRINGS = YES;
				SWIFT_OPTIMIZATION_LEVEL = "-Onone";
			};
			name = Debug;
		};
		C8F873FF2D5CD94C00EC2145 /* Release */ = {
			isa = XCBuildConfiguration;
			buildSettings = {
				ALWAYS_SEARCH_USER_PATHS = NO;
				ASSETCATALOG_COMPILER_GENERATE_SWIFT_ASSET_SYMBOL_EXTENSIONS = YES;
				CLANG_ANALYZER_LOCALIZABILITY_NONLOCALIZED = YES;
				CLANG_ANALYZER_NONNULL = YES;
				CLANG_ANALYZER_NUMBER_OBJECT_CONVERSION = YES_AGGRESSIVE;
				CLANG_CXX_LANGUAGE_STANDARD = "gnu++20";
				CLANG_ENABLE_MODULES = YES;
				CLANG_ENABLE_OBJC_ARC = YES;
				CLANG_ENABLE_OBJC_WEAK = YES;
				CLANG_WARN_BLOCK_CAPTURE_AUTORELEASING = YES;
				CLANG_WARN_BOOL_CONVERSION = YES;
				CLANG_WARN_COMMA = YES;
				CLANG_WARN_CONSTANT_CONVERSION = YES;
				CLANG_WARN_DEPRECATED_OBJC_IMPLEMENTATIONS = YES;
				CLANG_WARN_DIRECT_OBJC_ISA_USAGE = YES_ERROR;
				CLANG_WARN_DOCUMENTATION_COMMENTS = YES;
				CLANG_WARN_EMPTY_BODY = YES;
				CLANG_WARN_ENUM_CONVERSION = YES;
				CLANG_WARN_INFINITE_RECURSION = YES;
				CLANG_WARN_INT_CONVERSION = YES;
				CLANG_WARN_NON_LITERAL_NULL_CONVERSION = YES;
				CLANG_WARN_OBJC_IMPLICIT_RETAIN_SELF = YES;
				CLANG_WARN_OBJC_LITERAL_CONVERSION = YES;
				CLANG_WARN_OBJC_ROOT_CLASS = YES_ERROR;
				CLANG_WARN_QUOTED_INCLUDE_IN_FRAMEWORK_HEADER = YES;
				CLANG_WARN_RANGE_LOOP_ANALYSIS = YES;
				CLANG_WARN_STRICT_PROTOTYPES = YES;
				CLANG_WARN_SUSPICIOUS_MOVE = YES;
				CLANG_WARN_UNGUARDED_AVAILABILITY = YES_AGGRESSIVE;
				CLANG_WARN_UNREACHABLE_CODE = YES;
				CLANG_WARN__DUPLICATE_METHOD_MATCH = YES;
				COPY_PHASE_STRIP = NO;
				DEBUG_INFORMATION_FORMAT = "dwarf-with-dsym";
				ENABLE_NS_ASSERTIONS = NO;
				ENABLE_STRICT_OBJC_MSGSEND = YES;
				ENABLE_USER_SCRIPT_SANDBOXING = YES;
				GCC_C_LANGUAGE_STANDARD = gnu17;
				GCC_NO_COMMON_BLOCKS = YES;
				GCC_WARN_64_TO_32_BIT_CONVERSION = YES;
				GCC_WARN_ABOUT_RETURN_TYPE = YES_ERROR;
				GCC_WARN_UNDECLARED_SELECTOR = YES;
				GCC_WARN_UNINITIALIZED_AUTOS = YES_AGGRESSIVE;
				GCC_WARN_UNUSED_FUNCTION = YES;
				GCC_WARN_UNUSED_VARIABLE = YES;
				IPHONEOS_DEPLOYMENT_TARGET = 16.6;
				LOCALIZATION_PREFERS_STRING_CATALOGS = YES;
				MTL_ENABLE_DEBUG_INFO = NO;
				MTL_FAST_MATH = YES;
				SDKROOT = iphoneos;
				SWIFT_COMPILATION_MODE = wholemodule;
				SWIFT_EMIT_LOC_STRINGS = YES;
				VALIDATE_PRODUCT = YES;
			};
			name = Release;
		};
		C8F874012D5CD94C00EC2145 /* Debug */ = {
			isa = XCBuildConfiguration;
			buildSettings = {
				ASSETCATALOG_COMPILER_APPICON_NAME = AppIcon;
				ASSETCATALOG_COMPILER_GLOBAL_ACCENT_COLOR_NAME = AccentColor;
				CODE_SIGN_ENTITLEMENTS = "early-bird/early-bird.entitlements";
				CODE_SIGN_IDENTITY = "Apple Development";
				CODE_SIGN_STYLE = Automatic;
				CURRENT_PROJECT_VERSION = 4;
				DEVELOPMENT_ASSET_PATHS = "\"early-bird/Preview Content\"";
				DEVELOPMENT_TEAM = 8KH5U6PJ48;
				ENABLE_PREVIEWS = YES;
				GENERATE_INFOPLIST_FILE = YES;
				INFOPLIST_FILE = "early-bird/Info.plist";
				INFOPLIST_KEY_CFBundleDisplayName = "얼리버드";
				INFOPLIST_KEY_LSApplicationCategoryType = "public.app-category.lifestyle";
				INFOPLIST_KEY_UIApplicationSceneManifest_Generation = YES;
				INFOPLIST_KEY_UIApplicationSupportsIndirectInputEvents = YES;
				INFOPLIST_KEY_UILaunchScreen_Generation = YES;
				INFOPLIST_KEY_UISupportedInterfaceOrientations_iPad = "UIInterfaceOrientationPortrait UIInterfaceOrientationPortraitUpsideDown UIInterfaceOrientationLandscapeLeft UIInterfaceOrientationLandscapeRight";
				INFOPLIST_KEY_UISupportedInterfaceOrientations_iPhone = UIInterfaceOrientationPortrait;
				IPHONEOS_DEPLOYMENT_TARGET = 16.0;
				LD_RUNPATH_SEARCH_PATHS = (
					"$(inherited)",
					"@executable_path/Frameworks",
				);
				MARKETING_VERSION = 1.2.2;
				PRODUCT_BUNDLE_IDENTIFIER = "com.earlybirdteam2024.early-bird";
				PRODUCT_NAME = "$(TARGET_NAME)";
				PROVISIONING_PROFILE_SPECIFIER = "";
				SUPPORTED_PLATFORMS = "iphoneos iphonesimulator";
				SUPPORTS_MACCATALYST = NO;
				SUPPORTS_MAC_DESIGNED_FOR_IPHONE_IPAD = NO;
				SUPPORTS_XR_DESIGNED_FOR_IPHONE_IPAD = NO;
				SWIFT_EMIT_LOC_STRINGS = YES;
				SWIFT_VERSION = 5.0;
				TARGETED_DEVICE_FAMILY = "1,2";
			};
			name = Debug;
		};
		C8F874022D5CD94C00EC2145 /* Release */ = {
			isa = XCBuildConfiguration;
			buildSettings = {
				ASSETCATALOG_COMPILER_APPICON_NAME = AppIcon;
				ASSETCATALOG_COMPILER_GLOBAL_ACCENT_COLOR_NAME = AccentColor;
				CODE_SIGN_ENTITLEMENTS = "early-bird/early-birdRelease.entitlements";
				CODE_SIGN_IDENTITY = "Apple Development";
				CODE_SIGN_STYLE = Automatic;
				CURRENT_PROJECT_VERSION = 4;
				DEVELOPMENT_ASSET_PATHS = "\"early-bird/Preview Content\"";
				DEVELOPMENT_TEAM = 8KH5U6PJ48;
				ENABLE_PREVIEWS = YES;
				GENERATE_INFOPLIST_FILE = YES;
				INFOPLIST_FILE = "early-bird/Info.plist";
				INFOPLIST_KEY_CFBundleDisplayName = "얼리버드";
				INFOPLIST_KEY_LSApplicationCategoryType = "public.app-category.lifestyle";
				INFOPLIST_KEY_UIApplicationSceneManifest_Generation = YES;
				INFOPLIST_KEY_UIApplicationSupportsIndirectInputEvents = YES;
				INFOPLIST_KEY_UILaunchScreen_Generation = YES;
				INFOPLIST_KEY_UISupportedInterfaceOrientations_iPad = "UIInterfaceOrientationPortrait UIInterfaceOrientationPortraitUpsideDown UIInterfaceOrientationLandscapeLeft UIInterfaceOrientationLandscapeRight";
				INFOPLIST_KEY_UISupportedInterfaceOrientations_iPhone = UIInterfaceOrientationPortrait;
				IPHONEOS_DEPLOYMENT_TARGET = 16.0;
				LD_RUNPATH_SEARCH_PATHS = (
					"$(inherited)",
					"@executable_path/Frameworks",
				);
				MARKETING_VERSION = 1.2.2;
				PRODUCT_BUNDLE_IDENTIFIER = "com.earlybirdteam2024.early-bird";
				PRODUCT_NAME = "$(TARGET_NAME)";
				PROVISIONING_PROFILE_SPECIFIER = "";
				SUPPORTED_PLATFORMS = "iphoneos iphonesimulator";
				SUPPORTS_MACCATALYST = NO;
				SUPPORTS_MAC_DESIGNED_FOR_IPHONE_IPAD = NO;
				SUPPORTS_XR_DESIGNED_FOR_IPHONE_IPAD = NO;
				SWIFT_EMIT_LOC_STRINGS = YES;
				SWIFT_VERSION = 5.0;
				TARGETED_DEVICE_FAMILY = "1,2";
			};
			name = Release;
		};
/* End XCBuildConfiguration section */

/* Begin XCConfigurationList section */
		C8A0639F2DA77E5F00378836 /* Build configuration list for PBXNativeTarget "AppActivityMonitor" */ = {
			isa = XCConfigurationList;
			buildConfigurations = (
				C8A063A02DA77E5F00378836 /* Debug */,
				C8A063A12DA77E5F00378836 /* Release */,
			);
			defaultConfigurationIsVisible = 0;
			defaultConfigurationName = Release;
		};
		C8F873ED2D5CD94A00EC2145 /* Build configuration list for PBXProject "early-bird" */ = {
			isa = XCConfigurationList;
			buildConfigurations = (
				C8F873FE2D5CD94C00EC2145 /* Debug */,
				C8F873FF2D5CD94C00EC2145 /* Release */,
			);
			defaultConfigurationIsVisible = 0;
			defaultConfigurationName = Release;
		};
		C8F874002D5CD94C00EC2145 /* Build configuration list for PBXNativeTarget "early-bird" */ = {
			isa = XCConfigurationList;
			buildConfigurations = (
				C8F874012D5CD94C00EC2145 /* Debug */,
				C8F874022D5CD94C00EC2145 /* Release */,
			);
			defaultConfigurationIsVisible = 0;
			defaultConfigurationName = Release;
		};
/* End XCConfigurationList section */

/* Begin XCRemoteSwiftPackageReference section */
		C84C737C2DC72E12005368D9 /* XCRemoteSwiftPackageReference "firebase-ios-sdk" */ = {
			isa = XCRemoteSwiftPackageReference;
			repositoryURL = "https://github.com/firebase/firebase-ios-sdk.git";
			requirement = {
				kind = upToNextMajorVersion;
				minimumVersion = 11.12.0;
			};
		};
		C89F4FB82DB0AFE000656484 /* XCRemoteSwiftPackageReference "lottie-ios" */ = {
			isa = XCRemoteSwiftPackageReference;
			repositoryURL = "https://github.com/airbnb/lottie-ios";
			requirement = {
				kind = upToNextMajorVersion;
				minimumVersion = 4.5.1;
			};
		};
		C8E7D4B42DE853C200A2CC25 /* XCRemoteSwiftPackageReference "Amplitude-Swift" */ = {
			isa = XCRemoteSwiftPackageReference;
			repositoryURL = "https://github.com/amplitude/Amplitude-Swift";
			requirement = {
				kind = upToNextMajorVersion;
				minimumVersion = 1.0.0;
			};
		};
/* End XCRemoteSwiftPackageReference section */

/* Begin XCSwiftPackageProductDependency section */
		C80B0F4B2DD0991500B75867 /* FirebaseMessaging */ = {
			isa = XCSwiftPackageProductDependency;
			package = C84C737C2DC72E12005368D9 /* XCRemoteSwiftPackageReference "firebase-ios-sdk" */;
			productName = FirebaseMessaging;
		};
		C84C737D2DC72E12005368D9 /* FirebaseAnalytics */ = {
			isa = XCSwiftPackageProductDependency;
			package = C84C737C2DC72E12005368D9 /* XCRemoteSwiftPackageReference "firebase-ios-sdk" */;
			productName = FirebaseAnalytics;
		};
		C84C737F2DC72E69005368D9 /* FirebaseCore */ = {
			isa = XCSwiftPackageProductDependency;
			package = C84C737C2DC72E12005368D9 /* XCRemoteSwiftPackageReference "firebase-ios-sdk" */;
			productName = FirebaseCore;
		};
		C84C73812DC72E83005368D9 /* FirebaseFirestore */ = {
			isa = XCSwiftPackageProductDependency;
			package = C84C737C2DC72E12005368D9 /* XCRemoteSwiftPackageReference "firebase-ios-sdk" */;
			productName = FirebaseFirestore;
		};
		C84C73832DC72E95005368D9 /* FirebaseAuth */ = {
			isa = XCSwiftPackageProductDependency;
			package = C84C737C2DC72E12005368D9 /* XCRemoteSwiftPackageReference "firebase-ios-sdk" */;
			productName = FirebaseAuth;
		};
		C89F4FB92DB0AFE000656484 /* Lottie */ = {
			isa = XCSwiftPackageProductDependency;
			package = C89F4FB82DB0AFE000656484 /* XCRemoteSwiftPackageReference "lottie-ios" */;
			productName = Lottie;
		};
		C8E7D4B52DE853C200A2CC25 /* AmplitudeSwift */ = {
			isa = XCSwiftPackageProductDependency;
			package = C8E7D4B42DE853C200A2CC25 /* XCRemoteSwiftPackageReference "Amplitude-Swift" */;
			productName = AmplitudeSwift;
		};
/* End XCSwiftPackageProductDependency section */
	};
	rootObject = C8F873EA2D5CD94A00EC2145 /* Project object */;
}
